
Microsoft Visual Studio Solution File, Format Version 12.00
# Visual Studio Version 16
VisualStudioVersion = 16.0.30523.141
MinimumVisualStudioVersion = 10.0.40219.1
Project("{8BC9CEB8-8B4A-11D0-8D11-00A0C91BC942}") = "pr6.2.1", "pr6.2.1\pr6.2.1.vcxproj", "{742B67BE-BC32-4005-A61B-225CE73E5E61}"
EndProject
Project("{8BC9CEB8-8B4A-11D0-8D11-00A0C91BC942}") = "UnitTest", "UnitTest\UnitTest.vcxproj", "{BF4B5A93-27E1-4EAD-9F5B-897CF5E579CC}"
EndProject
Global
	GlobalSection(SolutionConfigurationPlatforms) = preSolution
		Debug|x64 = Debug|x64
		Debug|x86 = Debug|x86
		Release|x64 = Release|x64
		Release|x86 = Release|x86
	EndGlobalSection
	GlobalSection(ProjectConfigurationPlatforms) = postSolution
		{742B67BE-BC32-4005-A61B-225CE73E5E61}.Debug|x64.ActiveCfg = Debug|x64
		{742B67BE-BC32-4005-A61B-225CE73E5E61}.Debug|x64.Build.0 = Debug|x64
		{742B67BE-BC32-4005-A61B-225CE73E5E61}.Debug|x86.ActiveCfg = Debug|Win32
		{742B67BE-BC32-4005-A61B-225CE73E5E61}.Debug|x86.Build.0 = Debug|Win32
		{742B67BE-BC32-4005-A61B-225CE73E5E61}.Release|x64.ActiveCfg = Release|x64
		{742B67BE-BC32-4005-A61B-225CE73E5E61}.Release|x64.Build.0 = Release|x64
		{742B67BE-BC32-4005-A61B-225CE73E5E61}.Release|x86.ActiveCfg = Release|Win32
		{742B67BE-BC32-4005-A61B-225CE73E5E61}.Release|x86.Build.0 = Release|Win32
		{BF4B5A93-27E1-4EAD-9F5B-897CF5E579CC}.Debug|x64.ActiveCfg = Debug|x64
		{BF4B5A93-27E1-4EAD-9F5B-897CF5E579CC}.Debug|x64.Build.0 = Debug|x64
		{BF4B5A93-27E1-4EAD-9F5B-897CF5E579CC}.Debug|x86.ActiveCfg = Debug|Win32
		{BF4B5A93-27E1-4EAD-9F5B-897CF5E579CC}.Debug|x86.Build.0 = Debug|Win32
		{BF4B5A93-27E1-4EAD-9F5B-897CF5E579CC}.Release|x64.ActiveCfg = Release|x64
		{BF4B5A93-27E1-4EAD-9F5B-897CF5E579CC}.Release|x64.Build.0 = Release|x64
		{BF4B5A93-27E1-4EAD-9F5B-897CF5E579CC}.Release|x86.ActiveCfg = Release|Win32
		{BF4B5A93-27E1-4EAD-9F5B-897CF5E579CC}.Release|x86.Build.0 = Release|Win32
	EndGlobalSection
	GlobalSection(SolutionProperties) = preSolution
		HideSolutionNode = FALSE
	EndGlobalSection
	GlobalSection(ExtensibilityGlobals) = postSolution
		SolutionGuid = {406B7E46-81C7-4D4C-83C0-9E0D562709F7}
	EndGlobalSection
EndGlobal
