
Microsoft Visual Studio Solution File, Format Version 12.00
# Visual Studio Version 16
VisualStudioVersion = 16.0.30523.141
MinimumVisualStudioVersion = 10.0.40219.1
Project("{8BC9CEB8-8B4A-11D0-8D11-00A0C91BC942}") = "pr8.2", "pr8.2\pr8.2.vcxproj", "{40B8DE2B-65E5-4504-B80D-AA9D6606C613}"
EndProject
Project("{8BC9CEB8-8B4A-11D0-8D11-00A0C91BC942}") = "UnitTest", "UnitTest\UnitTest.vcxproj", "{7436749A-052A-4FBC-80B1-ED141D7DD4DB}"
EndProject
Global
	GlobalSection(SolutionConfigurationPlatforms) = preSolution
		Debug|x64 = Debug|x64
		Debug|x86 = Debug|x86
		Release|x64 = Release|x64
		Release|x86 = Release|x86
	EndGlobalSection
	GlobalSection(ProjectConfigurationPlatforms) = postSolution
		{40B8DE2B-65E5-4504-B80D-AA9D6606C613}.Debug|x64.ActiveCfg = Debug|x64
		{40B8DE2B-65E5-4504-B80D-AA9D6606C613}.Debug|x64.Build.0 = Debug|x64
		{40B8DE2B-65E5-4504-B80D-AA9D6606C613}.Debug|x86.ActiveCfg = Debug|Win32
		{40B8DE2B-65E5-4504-B80D-AA9D6606C613}.Debug|x86.Build.0 = Debug|Win32
		{40B8DE2B-65E5-4504-B80D-AA9D6606C613}.Release|x64.ActiveCfg = Release|x64
		{40B8DE2B-65E5-4504-B80D-AA9D6606C613}.Release|x64.Build.0 = Release|x64
		{40B8DE2B-65E5-4504-B80D-AA9D6606C613}.Release|x86.ActiveCfg = Release|Win32
		{40B8DE2B-65E5-4504-B80D-AA9D6606C613}.Release|x86.Build.0 = Release|Win32
		{7436749A-052A-4FBC-80B1-ED141D7DD4DB}.Debug|x64.ActiveCfg = Debug|x64
		{7436749A-052A-4FBC-80B1-ED141D7DD4DB}.Debug|x64.Build.0 = Debug|x64
		{7436749A-052A-4FBC-80B1-ED141D7DD4DB}.Debug|x86.ActiveCfg = Debug|Win32
		{7436749A-052A-4FBC-80B1-ED141D7DD4DB}.Debug|x86.Build.0 = Debug|Win32
		{7436749A-052A-4FBC-80B1-ED141D7DD4DB}.Release|x64.ActiveCfg = Release|x64
		{7436749A-052A-4FBC-80B1-ED141D7DD4DB}.Release|x64.Build.0 = Release|x64
		{7436749A-052A-4FBC-80B1-ED141D7DD4DB}.Release|x86.ActiveCfg = Release|Win32
		{7436749A-052A-4FBC-80B1-ED141D7DD4DB}.Release|x86.Build.0 = Release|Win32
	EndGlobalSection
	GlobalSection(SolutionProperties) = preSolution
		HideSolutionNode = FALSE
	EndGlobalSection
	GlobalSection(ExtensibilityGlobals) = postSolution
		SolutionGuid = {41647EDC-C44A-476E-AEA2-F2472D2F46E5}
	EndGlobalSection
EndGlobal
