
Microsoft Visual Studio Solution File, Format Version 12.00
# Visual Studio Version 16
VisualStudioVersion = 16.0.30523.141
MinimumVisualStudioVersion = 10.0.40219.1
Project("{8BC9CEB8-8B4A-11D0-8D11-00A0C91BC942}") = "pr6.1.2", "pr6.1.2\pr6.1.2.vcxproj", "{A5B7F7DB-A42B-48E5-9986-1EEFB8515F74}"
EndProject
Project("{8BC9CEB8-8B4A-11D0-8D11-00A0C91BC942}") = "UnitTest", "UnitTest\UnitTest.vcxproj", "{81323B65-49BE-43CA-9A31-D0AC4F7284E1}"
EndProject
Global
	GlobalSection(SolutionConfigurationPlatforms) = preSolution
		Debug|x64 = Debug|x64
		Debug|x86 = Debug|x86
		Release|x64 = Release|x64
		Release|x86 = Release|x86
	EndGlobalSection
	GlobalSection(ProjectConfigurationPlatforms) = postSolution
		{A5B7F7DB-A42B-48E5-9986-1EEFB8515F74}.Debug|x64.ActiveCfg = Debug|x64
		{A5B7F7DB-A42B-48E5-9986-1EEFB8515F74}.Debug|x64.Build.0 = Debug|x64
		{A5B7F7DB-A42B-48E5-9986-1EEFB8515F74}.Debug|x86.ActiveCfg = Debug|Win32
		{A5B7F7DB-A42B-48E5-9986-1EEFB8515F74}.Debug|x86.Build.0 = Debug|Win32
		{A5B7F7DB-A42B-48E5-9986-1EEFB8515F74}.Release|x64.ActiveCfg = Release|x64
		{A5B7F7DB-A42B-48E5-9986-1EEFB8515F74}.Release|x64.Build.0 = Release|x64
		{A5B7F7DB-A42B-48E5-9986-1EEFB8515F74}.Release|x86.ActiveCfg = Release|Win32
		{A5B7F7DB-A42B-48E5-9986-1EEFB8515F74}.Release|x86.Build.0 = Release|Win32
		{81323B65-49BE-43CA-9A31-D0AC4F7284E1}.Debug|x64.ActiveCfg = Debug|x64
		{81323B65-49BE-43CA-9A31-D0AC4F7284E1}.Debug|x64.Build.0 = Debug|x64
		{81323B65-49BE-43CA-9A31-D0AC4F7284E1}.Debug|x86.ActiveCfg = Debug|Win32
		{81323B65-49BE-43CA-9A31-D0AC4F7284E1}.Debug|x86.Build.0 = Debug|Win32
		{81323B65-49BE-43CA-9A31-D0AC4F7284E1}.Release|x64.ActiveCfg = Release|x64
		{81323B65-49BE-43CA-9A31-D0AC4F7284E1}.Release|x64.Build.0 = Release|x64
		{81323B65-49BE-43CA-9A31-D0AC4F7284E1}.Release|x86.ActiveCfg = Release|Win32
		{81323B65-49BE-43CA-9A31-D0AC4F7284E1}.Release|x86.Build.0 = Release|Win32
	EndGlobalSection
	GlobalSection(SolutionProperties) = preSolution
		HideSolutionNode = FALSE
	EndGlobalSection
	GlobalSection(ExtensibilityGlobals) = postSolution
		SolutionGuid = {BC46CE64-2C44-4DF8-96FE-3B577BAA3D79}
	EndGlobalSection
EndGlobal
