
Microsoft Visual Studio Solution File, Format Version 12.00
# Visual Studio Version 16
VisualStudioVersion = 16.0.30523.141
MinimumVisualStudioVersion = 10.0.40219.1
Project("{8BC9CEB8-8B4A-11D0-8D11-00A0C91BC942}") = "pr7.3", "pr7.3\pr7.3.vcxproj", "{F9BA9885-442F-48FE-A298-3F762EFE3F22}"
EndProject
Project("{8BC9CEB8-8B4A-11D0-8D11-00A0C91BC942}") = "UnitTest", "UnitTest\UnitTest.vcxproj", "{EA33BB1A-BB8F-446E-90E4-FF9EB2692464}"
EndProject
Global
	GlobalSection(SolutionConfigurationPlatforms) = preSolution
		Debug|x64 = Debug|x64
		Debug|x86 = Debug|x86
		Release|x64 = Release|x64
		Release|x86 = Release|x86
	EndGlobalSection
	GlobalSection(ProjectConfigurationPlatforms) = postSolution
		{F9BA9885-442F-48FE-A298-3F762EFE3F22}.Debug|x64.ActiveCfg = Debug|x64
		{F9BA9885-442F-48FE-A298-3F762EFE3F22}.Debug|x64.Build.0 = Debug|x64
		{F9BA9885-442F-48FE-A298-3F762EFE3F22}.Debug|x86.ActiveCfg = Debug|Win32
		{F9BA9885-442F-48FE-A298-3F762EFE3F22}.Debug|x86.Build.0 = Debug|Win32
		{F9BA9885-442F-48FE-A298-3F762EFE3F22}.Release|x64.ActiveCfg = Release|x64
		{F9BA9885-442F-48FE-A298-3F762EFE3F22}.Release|x64.Build.0 = Release|x64
		{F9BA9885-442F-48FE-A298-3F762EFE3F22}.Release|x86.ActiveCfg = Release|Win32
		{F9BA9885-442F-48FE-A298-3F762EFE3F22}.Release|x86.Build.0 = Release|Win32
		{EA33BB1A-BB8F-446E-90E4-FF9EB2692464}.Debug|x64.ActiveCfg = Debug|x64
		{EA33BB1A-BB8F-446E-90E4-FF9EB2692464}.Debug|x64.Build.0 = Debug|x64
		{EA33BB1A-BB8F-446E-90E4-FF9EB2692464}.Debug|x86.ActiveCfg = Debug|Win32
		{EA33BB1A-BB8F-446E-90E4-FF9EB2692464}.Debug|x86.Build.0 = Debug|Win32
		{EA33BB1A-BB8F-446E-90E4-FF9EB2692464}.Release|x64.ActiveCfg = Release|x64
		{EA33BB1A-BB8F-446E-90E4-FF9EB2692464}.Release|x64.Build.0 = Release|x64
		{EA33BB1A-BB8F-446E-90E4-FF9EB2692464}.Release|x86.ActiveCfg = Release|Win32
		{EA33BB1A-BB8F-446E-90E4-FF9EB2692464}.Release|x86.Build.0 = Release|Win32
	EndGlobalSection
	GlobalSection(SolutionProperties) = preSolution
		HideSolutionNode = FALSE
	EndGlobalSection
	GlobalSection(ExtensibilityGlobals) = postSolution
		SolutionGuid = {A545E804-D6A3-438C-B366-319DE031C6A9}
	EndGlobalSection
EndGlobal
