
Microsoft Visual Studio Solution File, Format Version 12.00
# Visual Studio Version 16
VisualStudioVersion = 16.0.30523.141
MinimumVisualStudioVersion = 10.0.40219.1
Project("{8BC9CEB8-8B4A-11D0-8D11-00A0C91BC942}") = "pr5.2.2", "pr5.2.2.vcxproj", "{0ED22829-7A36-41B6-BBBD-BC0E42C59B91}"
EndProject
Project("{8BC9CEB8-8B4A-11D0-8D11-00A0C91BC942}") = "UnitTest5.2", "UnitTest5.2\UnitTest5.2.vcxproj", "{887F2640-7F9E-4DA3-87F1-9E218CDA2B93}"
EndProject
Global
	GlobalSection(SolutionConfigurationPlatforms) = preSolution
		Debug|x64 = Debug|x64
		Debug|x86 = Debug|x86
		Release|x64 = Release|x64
		Release|x86 = Release|x86
	EndGlobalSection
	GlobalSection(ProjectConfigurationPlatforms) = postSolution
		{0ED22829-7A36-41B6-BBBD-BC0E42C59B91}.Debug|x64.ActiveCfg = Debug|x64
		{0ED22829-7A36-41B6-BBBD-BC0E42C59B91}.Debug|x64.Build.0 = Debug|x64
		{0ED22829-7A36-41B6-BBBD-BC0E42C59B91}.Debug|x86.ActiveCfg = Debug|Win32
		{0ED22829-7A36-41B6-BBBD-BC0E42C59B91}.Debug|x86.Build.0 = Debug|Win32
		{0ED22829-7A36-41B6-BBBD-BC0E42C59B91}.Release|x64.ActiveCfg = Release|x64
		{0ED22829-7A36-41B6-BBBD-BC0E42C59B91}.Release|x64.Build.0 = Release|x64
		{0ED22829-7A36-41B6-BBBD-BC0E42C59B91}.Release|x86.ActiveCfg = Release|Win32
		{0ED22829-7A36-41B6-BBBD-BC0E42C59B91}.Release|x86.Build.0 = Release|Win32
		{887F2640-7F9E-4DA3-87F1-9E218CDA2B93}.Debug|x64.ActiveCfg = Debug|x64
		{887F2640-7F9E-4DA3-87F1-9E218CDA2B93}.Debug|x64.Build.0 = Debug|x64
		{887F2640-7F9E-4DA3-87F1-9E218CDA2B93}.Debug|x86.ActiveCfg = Debug|Win32
		{887F2640-7F9E-4DA3-87F1-9E218CDA2B93}.Debug|x86.Build.0 = Debug|Win32
		{887F2640-7F9E-4DA3-87F1-9E218CDA2B93}.Release|x64.ActiveCfg = Release|x64
		{887F2640-7F9E-4DA3-87F1-9E218CDA2B93}.Release|x64.Build.0 = Release|x64
		{887F2640-7F9E-4DA3-87F1-9E218CDA2B93}.Release|x86.ActiveCfg = Release|Win32
		{887F2640-7F9E-4DA3-87F1-9E218CDA2B93}.Release|x86.Build.0 = Release|Win32
	EndGlobalSection
	GlobalSection(SolutionProperties) = preSolution
		HideSolutionNode = FALSE
	EndGlobalSection
	GlobalSection(ExtensibilityGlobals) = postSolution
		SolutionGuid = {01080412-FFFC-4950-A87A-29D445A5D668}
	EndGlobalSection
EndGlobal
